
Microsoft Visual Studio Solution File, Format Version 12.00
# Visual Studio Express 14 for Windows Desktop
VisualStudioVersion = 14.0.23107.0
MinimumVisualStudioVersion = 10.0.40219.1
Project("{8BC9CEB8-8B4A-11D0-8D11-00A0C91BC942}") = "Application", "Application\Application.vcxproj", "{E7B85E02-4CFC-446D-B345-F1D6FB97452A}"
EndProject
Project("{8BC9CEB8-8B4A-11D0-8D11-00A0C91BC942}") = "ApplicationTest", "ApplicationTest\ApplicationTest.vcxproj", "{D8AF6746-94D5-4407-9F21-75959B4D53A8}"
EndProject
Global
	GlobalSection(SolutionConfigurationPlatforms) = preSolution
		Debug|x64 = Debug|x64
		Debug|x86 = Debug|x86
		Release|x64 = Release|x64
		Release|x86 = Release|x86
	EndGlobalSection
	GlobalSection(ProjectConfigurationPlatforms) = postSolution
		{E7B85E02-4CFC-446D-B345-F1D6FB97452A}.Debug|x64.ActiveCfg = Debug|x64
		{E7B85E02-4CFC-446D-B345-F1D6FB97452A}.Debug|x64.Build.0 = Debug|x64
		{E7B85E02-4CFC-446D-B345-F1D6FB97452A}.Debug|x86.ActiveCfg = Debug|Win32
		{E7B85E02-4CFC-446D-B345-F1D6FB97452A}.Debug|x86.Build.0 = Debug|Win32
		{E7B85E02-4CFC-446D-B345-F1D6FB97452A}.Release|x64.ActiveCfg = Release|x64
		{E7B85E02-4CFC-446D-B345-F1D6FB97452A}.Release|x64.Build.0 = Release|x64
		{E7B85E02-4CFC-446D-B345-F1D6FB97452A}.Release|x86.ActiveCfg = Release|Win32
		{E7B85E02-4CFC-446D-B345-F1D6FB97452A}.Release|x86.Build.0 = Release|Win32
		{D8AF6746-94D5-4407-9F21-75959B4D53A8}.Debug|x64.ActiveCfg = Debug|x64
		{D8AF6746-94D5-4407-9F21-75959B4D53A8}.Debug|x64.Build.0 = Debug|x64
		{D8AF6746-94D5-4407-9F21-75959B4D53A8}.Debug|x86.ActiveCfg = Debug|Win32
		{D8AF6746-94D5-4407-9F21-75959B4D53A8}.Debug|x86.Build.0 = Debug|Win32
		{D8AF6746-94D5-4407-9F21-75959B4D53A8}.Release|x64.ActiveCfg = Release|x64
		{D8AF6746-94D5-4407-9F21-75959B4D53A8}.Release|x64.Build.0 = Release|x64
		{D8AF6746-94D5-4407-9F21-75959B4D53A8}.Release|x86.ActiveCfg = Release|Win32
		{D8AF6746-94D5-4407-9F21-75959B4D53A8}.Release|x86.Build.0 = Release|Win32
	EndGlobalSection
	GlobalSection(SolutionProperties) = preSolution
		HideSolutionNode = FALSE
	EndGlobalSection
EndGlobal
